dependencies:
- name: memcached
  repository: https://charts.bitnami.com/bitnami
  version: 5.13.4
- name: postgresql
  repository: https://charts.bitnami.com/bitnami
  version: 10.7.0
digest: sha256:9a4c3ebb5a6ea2dd9aea5dd343a12fcff43a326a1c7b3560cf48111e66229e3d
generated: "2021-07-24T16:01:41.70320998-03:00"
