dependencies:
- name: memcached
  repository: https://charts.bitnami.com/bitnami
  version: 5.13.4
- name: postgresql
  repository: https://charts.bitnami.com/bitnami
  version: 10.7.0
digest: sha256:e48e8d2189a647783587f3343b661757ae8e254fa7b38392e614c69befbf4c6c
generated: "2021-07-22T15:02:53.04391874-03:00"
